
Microsoft Visual Studio Solution File, Format Version 12.00
# Visual Studio Version 16
VisualStudioVersion = 16.0.30907.101
MinimumVisualStudioVersion = 10.0.40219.1
Project("{FAE04EC0-301F-11D3-BF4B-00C04F79EFBC}") = "MovieList", "MovieList\MovieList.csproj", "{1120871E-354F-4596-B30F-048F88C35452}"
EndProject
Global
	GlobalSection(SolutionConfigurationPlatforms) = preSolution
		Debug|Any CPU = Debug|Any CPU
		Release|Any CPU = Release|Any CPU
	EndGlobalSection
	GlobalSection(ProjectConfigurationPlatforms) = postSolution
		{1120871E-354F-4596-B30F-048F88C35452}.Debug|Any CPU.ActiveCfg = Debug|Any CPU
		{1120871E-354F-4596-B30F-048F88C35452}.Debug|Any CPU.Build.0 = Debug|Any CPU
		{1120871E-354F-4596-B30F-048F88C35452}.Release|Any CPU.ActiveCfg = Release|Any CPU
		{1120871E-354F-4596-B30F-048F88C35452}.Release|Any CPU.Build.0 = Release|Any CPU
	EndGlobalSection
	GlobalSection(SolutionProperties) = preSolution
		HideSolutionNode = FALSE
	EndGlobalSection
	GlobalSection(ExtensibilityGlobals) = postSolution
		SolutionGuid = {74902287-2042-4D41-A97B-48DC634F26B2}
	EndGlobalSection
EndGlobal
